{
  "version": 1,
  "dependencies": {
    "net9.0-windows7.0": {
      "coverlet.collector": {
        "type": "Direct",
        "requested": "[6.0.4, )",
        "resolved": "6.0.4",
        "contentHash": "lkhqpF8Pu2Y7IiN7OntbsTtdbpR1syMsm2F3IgX6ootA4ffRqWL5jF7XipHuZQTdVuWG/gVAAcf8mjk8Tz0xPg=="
      },
      "Lumina": {
        "type": "Direct",
        "requested": "[5.7.0, )",
        "resolved": "5.7.0",
        "contentHash": "PX4C0jP7cZPclbIxbLOj5LfH6JdjFbe+84QYe/9cUcConWO3IJh/ZUiJVNnROVGvaz8zFjtws1Zp9DcKaquZ8g==",
        "dependencies": {
          "Microsoft.Extensions.ObjectPool": "8.0.7"
        }
      },
      "Microsoft.Extensions.ObjectPool": {
        "type": "Direct",
        "requested": "[9.0.0, )",
        "resolved": "9.0.0",
        "contentHash": "UbsU/gYe4nv1DeqMXIVzDfNNek7Sk2kKuAOXL/Y+sLcAR0HwFUqzg1EPiU88jeHNe0g81aPvvHbvHarQr3r9IA=="
      },
      "Microsoft.NET.Test.Sdk": {
        "type": "Direct",
        "requested": "[17.13.0, )",
        "resolved": "17.13.0",
        "contentHash": "W19wCPizaIC9Zh47w8wWI/yxuqR7/dtABwOrc8r2jX/8mUNxM2vw4fXDh+DJTeogxV+KzKwg5jNNGQVwf3LXyA==",
        "dependencies": {
          "Microsoft.CodeCoverage": "17.13.0",
          "Microsoft.TestPlatform.TestHost": "17.13.0"
        }
      },
      "MSTest.TestAdapter": {
        "type": "Direct",
        "requested": "[3.8.3, )",
        "resolved": "3.8.3",
        "contentHash": "1BCQLY74z6hhKl7UHJRgJvWfaD3MDQ+KLqHHqHnxmCJqeQKJUSESWGepA5N/rlperXGzWl5PH4ES/Jtch+uiIA==",
        "dependencies": {
          "Microsoft.Testing.Extensions.VSTestBridge": "1.6.3",
          "Microsoft.Testing.Platform.MSBuild": "1.6.3"
        }
      },
      "MSTest.TestFramework": {
        "type": "Direct",
        "requested": "[3.8.3, )",
        "resolved": "3.8.3",
        "contentHash": "WGIxZYQrWm+9Md3oRiRaGvq4uTqbLt0T543gAyIQhYP1olvUH7ptH7rmR1SZ60SrJ8mjH5BBEjmB/4kX++u7JA==",
        "dependencies": {
          "MSTest.Analyzers": "3.8.3"
        }
      },
      "Newtonsoft.Json": {
        "type": "Direct",
        "requested": "[13.0.3, )",
        "resolved": "13.0.3",
        "contentHash": "HrC5BXdl00IP9zeV+0Z848QWPAoCr9P3bDEZguI+gkLcBKAOxix/tLEAAHC+UvDNPv4a2d18lOReHMOagPa+zQ=="
      },
      "DalamudPackager": {
        "type": "Transitive",
        "resolved": "12.0.0",
        "contentHash": "J5TJLV3f16T/E2H2P17ClWjtfEBPpq3yxvqW46eN36JCm6wR+EaoaYkqG9Rm5sHqs3/nK/vKjWWyvEs/jhKoXw=="
      },
      "Microsoft.ApplicationInsights": {
        "type": "Transitive",
        "resolved": "2.22.0",
        "contentHash": "3AOM9bZtku7RQwHyMEY3tQMrHIgjcfRDa6YQpd/QG2LDGvMydSlL9Di+8LLMt7J2RDdfJ7/2jdYv6yHcMJAnNw==",
        "dependencies": {
          "System.Diagnostics.DiagnosticSource": "5.0.0"
        }
      },
      "Microsoft.CodeCoverage": {
        "type": "Transitive",
        "resolved": "17.13.0",
        "contentHash": "9LIUy0y+DvUmEPtbRDw6Bay3rzwqFV8P4efTrK4CZhQle3M/QwLPjISghfcolmEGAPWxuJi6m98ZEfk4VR4Lfg=="
      },
      "Microsoft.Testing.Extensions.Telemetry": {
        "type": "Transitive",
        "resolved": "1.6.3",
        "contentHash": "h6//5zXfZyvZzyPc6tsDm3ZYXVcbZGIU1o6HWzcHYHb/yeBpi/Bx6ug6/4bkUKZOSFK8E/xBQQpfutO0SR1Lsg==",
        "dependencies": {
          "Microsoft.ApplicationInsights": "2.22.0",
          "Microsoft.Testing.Platform": "1.6.3"
        }
      },
      "Microsoft.Testing.Extensions.TrxReport.Abstractions": {
        "type": "Transitive",
        "resolved": "1.6.3",
        "contentHash": "0MdowM+3IDVWE5VBzVe9NvxsE4caSbM3fO+jlWVzEBr/Vnc3BWx+uV/Ex0dLLpkxkeUKH2gGWTNLb39rw3DDqw==",
        "dependencies": {
          "Microsoft.Testing.Platform": "1.6.3"
        }
      },
      "Microsoft.Testing.Extensions.VSTestBridge": {
        "type": "Transitive",
        "resolved": "1.6.3",
        "contentHash": "RhZLOro4GWVO6OtojBX+Vvi9+xSAPjm0v+wCufc/WOe4XLNseeHfOfPjBj0v0V1/6i+wau2IP3keW4m/qMG/Nw==",
        "dependencies": {
          "Microsoft.TestPlatform.ObjectModel": "17.13.0",
          "Microsoft.Testing.Extensions.Telemetry": "1.6.3",
          "Microsoft.Testing.Extensions.TrxReport.Abstractions": "1.6.3",
          "Microsoft.Testing.Platform": "1.6.3"
        }
      },
      "Microsoft.Testing.Platform": {
        "type": "Transitive",
        "resolved": "1.6.3",
        "contentHash": "DqMZukaPo+vKzColfqd1I5qZebfISZT6ND70AOem/dYQmHsaMN0xg/JG7E0e80rwfxL7wAA4ylSg8j6KJf1Tuw=="
      },
      "Microsoft.Testing.Platform.MSBuild": {
        "type": "Transitive",
        "resolved": "1.6.3",
        "contentHash": "PXSYI5Iae29GM5636zOL8PlQD1YyOa9cfzfYLR43hrLjjK7RDJgMTvgAet3oZLgDTvz6pbzABZvhx+S/W5m8YA==",
        "dependencies": {
          "Microsoft.Testing.Platform": "1.6.3"
        }
      },
      "Microsoft.TestPlatform.ObjectModel": {
        "type": "Transitive",
        "resolved": "17.13.0",
        "contentHash": "bt0E0Dx+iqW97o4A59RCmUmz/5NarJ7LRL+jXbSHod72ibL5XdNm1Ke+UO5tFhBG4VwHLcSjqq9BUSblGNWamw==",
        "dependencies": {
          "System.Reflection.Metadata": "1.6.0"
        }
      },
      "Microsoft.TestPlatform.TestHost": {
        "type": "Transitive",
        "resolved": "17.13.0",
        "contentHash": "9GGw08Dc3AXspjekdyTdZ/wYWFlxbgcF0s7BKxzVX+hzAwpifDOdxM+ceVaaJSQOwqt3jtuNlHn3XTpKUS9x9Q==",
        "dependencies": {
          "Microsoft.TestPlatform.ObjectModel": "17.13.0",
          "Newtonsoft.Json": "13.0.1"
        }
      },
      "MSTest.Analyzers": {
        "type": "Transitive",
        "resolved": "3.8.3",
        "contentHash": "ZwPLmUJlelfBxq50J+xJVCCL8Ftysj2ymidyImFIFcktYgDn1rjaIOrYb2hPvLUTve9vIoSQClLygcYpEWEfkw=="
      },
      "System.Diagnostics.DiagnosticSource": {
        "type": "Transitive",
        "resolved": "5.0.0",
        "contentHash": "tCQTzPsGZh/A9LhhA6zrqCRV4hOHsK90/G7q3Khxmn6tnB1PuNU0cRaKANP2AWcF9bn0zsuOoZOSrHuJk6oNBA=="
      },
      "System.Reflection.Metadata": {
        "type": "Transitive",
        "resolved": "1.6.0",
        "contentHash": "COC1aiAJjCoA5GBF+QKL2uLqEBew4JsCkQmoHKbN3TlOZKa2fKLz5CpiRQKDz0RsAOEGsVKqOD5bomsXq/4STQ=="
      },
      "gcdtracker": {
        "type": "Project",
        "dependencies": {
          "DalamudPackager": "[12.0.0, )"
        }
      }
    }
  }
}